// !$*UTF8*$!
{
	archiveVersion = 1;
	classes = {
	};
	objectVersion = 48;
	objects = {

/* Begin PBXBuildFile section */
		39320CD02522ACBC00608270 /* Assets.xcassets in Resources */ = {isa = PBXBuildFile; fileRef = 39320CCF2522ACBC00608270 /* Assets.xcassets */; };
		39C19D4B252654BA00328C5D /* PlaySoundsViewController+Audio.swift in Sources */ = {isa = PBXBuildFile; fileRef = 39C19D4A252654BA00328C5D /* PlaySoundsViewController+Audio.swift */; };
		39CE1D5A2521034200CBBE25 /* AppDelegate.swift in Sources */ = {isa = PBXBuildFile; fileRef = 39CE1D592521034200CBBE25 /* AppDelegate.swift */; };
		39CE1D5C2521034200CBBE25 /* RecordSoundsViewController.swift in Sources */ = {isa = PBXBuildFile; fileRef = 39CE1D5B2521034200CBBE25 /* RecordSoundsViewController.swift */; };
		39CE1D5F2521034200CBBE25 /* Main.storyboard in Resources */ = {isa = PBXBuildFile; fileRef = 39CE1D5D2521034200CBBE25 /* Main.storyboard */; };
		39CE1D642521034200CBBE25 /* LaunchScreen.storyboard in Resources */ = {isa = PBXBuildFile; fileRef = 39CE1D622521034200CBBE25 /* LaunchScreen.storyboard */; };
		39FEDC2D2524FB3100B6606C /* PlaySoundsViewController.swift in Sources */ = {isa = PBXBuildFile; fileRef = 39FEDC2C2524FB3100B6606C /* PlaySoundsViewController.swift */; };
/* End PBXBuildFile section */

/* Begin PBXFileReference section */
		39320CCF2522ACBC00608270 /* Assets.xcassets */ = {isa = PBXFileReference; lastKnownFileType = folder.assetcatalog; path = Assets.xcassets; sourceTree = "<group>"; };
		39C19D4A252654BA00328C5D /* PlaySoundsViewController+Audio.swift */ = {isa = PBXFileReference; lastKnownFileType = sourcecode.swift; path = "PlaySoundsViewController+Audio.swift"; sourceTree = "<group>"; };
		39CE1D562521034200CBBE25 /* PitchRecorder.app */ = {isa = PBXFileReference; explicitFileType = wrapper.application; includeInIndex = 0; path = PitchRecorder.app; sourceTree = BUILT_PRODUCTS_DIR; };
		39CE1D592521034200CBBE25 /* AppDelegate.swift */ = {isa = PBXFileReference; lastKnownFileType = sourcecode.swift; path = AppDelegate.swift; sourceTree = "<group>"; };
		39CE1D5B2521034200CBBE25 /* RecordSoundsViewController.swift */ = {isa = PBXFileReference; lastKnownFileType = sourcecode.swift; path = RecordSoundsViewController.swift; sourceTree = "<group>"; };
		39CE1D5E2521034200CBBE25 /* Base */ = {isa = PBXFileReference; lastKnownFileType = file.storyboard; name = Base; path = Base.lproj/Main.storyboard; sourceTree = "<group>"; };
		39CE1D632521034200CBBE25 /* Base */ = {isa = PBXFileReference; lastKnownFileType = file.storyboard; name = Base; path = Base.lproj/LaunchScreen.storyboard; sourceTree = "<group>"; };
		39CE1D652521034300CBBE25 /* Info.plist */ = {isa = PBXFileReference; lastKnownFileType = text.plist.xml; path = Info.plist; sourceTree = "<group>"; };
		39FEDC2C2524FB3100B6606C /* PlaySoundsViewController.swift */ = {isa = PBXFileReference; lastKnownFileType = sourcecode.swift; path = PlaySoundsViewController.swift; sourceTree = "<group>"; };
/* End PBXFileReference section */

/* Begin PBXFrameworksBuildPhase section */
		39CE1D532521034200CBBE25 /* Frameworks */ = {
			isa = PBXFrameworksBuildPhase;
			buildActionMask = 2147483647;
			files = (
			);
			runOnlyForDeploymentPostprocessing = 0;
		};
/* End PBXFrameworksBuildPhase section */

/* Begin PBXGroup section */
		39CE1D4D2521034200CBBE25 = {
			isa = PBXGroup;
			children = (
				39CE1D582521034200CBBE25 /* PitchRecorder */,
				39CE1D572521034200CBBE25 /* Products */,
			);
			sourceTree = "<group>";
		};
		39CE1D572521034200CBBE25 /* Products */ = {
			isa = PBXGroup;
			children = (
				39CE1D562521034200CBBE25 /* PitchRecorder.app */,
			);
			name = Products;
			sourceTree = "<group>";
		};
		39CE1D582521034200CBBE25 /* PitchRecorder */ = {
			isa = PBXGroup;
			children = (
				39CE1D592521034200CBBE25 /* AppDelegate.swift */,
				39CE1D5B2521034200CBBE25 /* RecordSoundsViewController.swift */,
				39FEDC2C2524FB3100B6606C /* PlaySoundsViewController.swift */,
				39320CCF2522ACBC00608270 /* Assets.xcassets */,
				39CE1D5D2521034200CBBE25 /* Main.storyboard */,
				39CE1D622521034200CBBE25 /* LaunchScreen.storyboard */,
				39CE1D652521034300CBBE25 /* Info.plist */,
				39C19D4A252654BA00328C5D /* PlaySoundsViewController+Audio.swift */,
			);
			path = PitchRecorder;
			sourceTree = "<group>";
		};
/* End PBXGroup section */

/* Begin PBXNativeTarget section */
		39CE1D552521034200CBBE25 /* PitchRecorder */ = {
			isa = PBXNativeTarget;
			buildConfigurationList = 39CE1D682521034300CBBE25 /* Build configuration list for PBXNativeTarget "PitchRecorder" */;
			buildPhases = (
				39CE1D522521034200CBBE25 /* Sources */,
				39CE1D532521034200CBBE25 /* Frameworks */,
				39CE1D542521034200CBBE25 /* Resources */,
			);
			buildRules = (
			);
			dependencies = (
			);
			name = PitchRecorder;
			productName = PitchRecorder;
			productReference = 39CE1D562521034200CBBE25 /* PitchRecorder.app */;
			productType = "com.apple.product-type.application";
		};
/* End PBXNativeTarget section */

/* Begin PBXProject section */
		39CE1D4E2521034200CBBE25 /* Project object */ = {
			isa = PBXProject;
			attributes = {
				LastSwiftUpdateCheck = 0900;
				LastUpgradeCheck = 0900;
				ORGANIZATIONNAME = mobilestud.io;
				TargetAttributes = {
					39CE1D552521034200CBBE25 = {
						CreatedOnToolsVersion = 9.0.1;
						ProvisioningStyle = Automatic;
					};
				};
			};
			buildConfigurationList = 39CE1D512521034200CBBE25 /* Build configuration list for PBXProject "PitchRecorder" */;
			compatibilityVersion = "Xcode 8.0";
			developmentRegion = en;
			hasScannedForEncodings = 0;
			knownRegions = (
				en,
				Base,
			);
			mainGroup = 39CE1D4D2521034200CBBE25;
			productRefGroup = 39CE1D572521034200CBBE25 /* Products */;
			projectDirPath = "";
			projectRoot = "";
			targets = (
				39CE1D552521034200CBBE25 /* PitchRecorder */,
			);
		};
/* End PBXProject section */

/* Begin PBXResourcesBuildPhase section */
		39CE1D542521034200CBBE25 /* Resources */ = {
			isa = PBXResourcesBuildPhase;
			buildActionMask = 2147483647;
			files = (
				39CE1D642521034200CBBE25 /* LaunchScreen.storyboard in Resources */,
				39320CD02522ACBC00608270 /* Assets.xcassets in Resources */,
				39CE1D5F2521034200CBBE25 /* Main.storyboard in Resources */,
			);
			runOnlyForDeploymentPostprocessing = 0;
		};
/* End PBXResourcesBuildPhase section */

/* Begin PBXSourcesBuildPhase section */
		39CE1D522521034200CBBE25 /* Sources */ = {
			isa = PBXSourcesBuildPhase;
			buildActionMask = 2147483647;
			files = (
				39CE1D5C2521034200CBBE25 /* RecordSoundsViewController.swift in Sources */,
				39C19D4B252654BA00328C5D /* PlaySoundsViewController+Audio.swift in Sources */,
				39FEDC2D2524FB3100B6606C /* PlaySoundsViewController.swift in Sources */,
				39CE1D5A2521034200CBBE25 /* AppDelegate.swift in Sources */,
			);
			runOnlyForDeploymentPostprocessing = 0;
		};
/* End PBXSourcesBuildPhase section */

/* Begin PBXVariantGroup section */
		39CE1D5D2521034200CBBE25 /* Main.storyboard */ = {
			isa = PBXVariantGroup;
			children = (
				39CE1D5E2521034200CBBE25 /* Base */,
			);
			name = Main.storyboard;
			sourceTree = "<group>";
		};
		39CE1D622521034200CBBE25 /* LaunchScreen.storyboard */ = {
			isa = PBXVariantGroup;
			children = (
				39CE1D632521034200CBBE25 /* Base */,
			);
			name = LaunchScreen.storyboard;
			sourceTree = "<group>";
		};
/* End PBXVariantGroup section */

/* Begin XCBuildConfiguration section */
		39CE1D662521034300CBBE25 /* Debug */ = {
			isa = XCBuildConfiguration;
			buildSettings = {
				ALWAYS_SEARCH_USER_PATHS = NO;
				CLANG_ANALYZER_NONNULL = YES;
				CLANG_ANALYZER_NUMBER_OBJECT_CONVERSION = YES_AGGRESSIVE;
				CLANG_CXX_LANGUAGE_STANDARD = "gnu++14";
				CLANG_CXX_LIBRARY = "libc++";
				CLANG_ENABLE_MODULES = YES;
				CLANG_ENABLE_OBJC_ARC = YES;
				CLANG_WARN_BLOCK_CAPTURE_AUTORELEASING = YES;
				CLANG_WARN_BOOL_CONVERSION = YES;
				CLANG_WARN_COMMA = YES;
				CLANG_WARN_CONSTANT_CONVERSION = YES;
				CLANG_WARN_DIRECT_OBJC_ISA_USAGE = YES_ERROR;
				CLANG_WARN_DOCUMENTATION_COMMENTS = YES;
				CLANG_WARN_EMPTY_BODY = YES;
				CLANG_WARN_ENUM_CONVERSION = YES;
				CLANG_WARN_INFINITE_RECURSION = YES;
				CLANG_WARN_INT_CONVERSION = YES;
				CLANG_WARN_NON_LITERAL_NULL_CONVERSION = YES;
				CLANG_WARN_OBJC_LITERAL_CONVERSION = YES;
				CLANG_WARN_OBJC_ROOT_CLASS = YES_ERROR;
				CLANG_WARN_RANGE_LOOP_ANALYSIS = YES;
				CLANG_WARN_STRICT_PROTOTYPES = YES;
				CLANG_WARN_SUSPICIOUS_MOVE = YES;
				CLANG_WARN_UNGUARDED_AVAILABILITY = YES_AGGRESSIVE;
				CLANG_WARN_UNREACHABLE_CODE = YES;
				CLANG_WARN__DUPLICATE_METHOD_MATCH = YES;
				CODE_SIGN_IDENTITY = "iPhone Developer";
				COPY_PHASE_STRIP = NO;
				DEBUG_INFORMATION_FORMAT = dwarf;
				ENABLE_STRICT_OBJC_MSGSEND = YES;
				ENABLE_TESTABILITY = YES;
				GCC_C_LANGUAGE_STANDARD = gnu11;
				GCC_DYNAMIC_NO_PIC = NO;
				GCC_NO_COMMON_BLOCKS = YES;
				GCC_OPTIMIZATION_LEVEL = 0;
				GCC_PREPROCESSOR_DEFINITIONS = (
					"DEBUG=1",
					"$(inherited)",
				);
				GCC_WARN_64_TO_32_BIT_CONVERSION = YES;
				GCC_WARN_ABOUT_RETURN_TYPE = YES_ERROR;
				GCC_WARN_UNDECLARED_SELECTOR = YES;
				GCC_WARN_UNINITIALIZED_AUTOS = YES_AGGRESSIVE;
				GCC_WARN_UNUSED_FUNCTION = YES;
				GCC_WARN_UNUSED_VARIABLE = YES;
				IPHONEOS_DEPLOYMENT_TARGET = 11.0;
				MTL_ENABLE_DEBUG_INFO = YES;
				ONLY_ACTIVE_ARCH = YES;
				SDKROOT = iphoneos;
				SWIFT_ACTIVE_COMPILATION_CONDITIONS = DEBUG;
				SWIFT_OPTIMIZATION_LEVEL = "-Onone";
			};
			name = Debug;
		};
		39CE1D672521034300CBBE25 /* Release */ = {
			isa = XCBuildConfiguration;
			buildSettings = {
				ALWAYS_SEARCH_USER_PATHS = NO;
				CLANG_ANALYZER_NONNULL = YES;
				CLANG_ANALYZER_NUMBER_OBJECT_CONVERSION = YES_AGGRESSIVE;
				CLANG_CXX_LANGUAGE_STANDARD = "gnu++14";
				CLANG_CXX_LIBRARY = "libc++";
				CLANG_ENABLE_MODULES = YES;
				CLANG_ENABLE_OBJC_ARC = YES;
				CLANG_WARN_BLOCK_CAPTURE_AUTORELEASING = YES;
				CLANG_WARN_BOOL_CONVERSION = YES;
				CLANG_WARN_COMMA = YES;
				CLANG_WARN_CONSTANT_CONVERSION = YES;
				CLANG_WARN_DIRECT_OBJC_ISA_USAGE = YES_ERROR;
				CLANG_WARN_DOCUMENTATION_COMMENTS = YES;
				CLANG_WARN_EMPTY_BODY = YES;
				CLANG_WARN_ENUM_CONVERSION = YES;
				CLANG_WARN_INFINITE_RECURSION = YES;
				CLANG_WARN_INT_CONVERSION = YES;
				CLANG_WARN_NON_LITERAL_NULL_CONVERSION = YES;
				CLANG_WARN_OBJC_LITERAL_CONVERSION = YES;
				CLANG_WARN_OBJC_ROOT_CLASS = YES_ERROR;
				CLANG_WARN_RANGE_LOOP_ANALYSIS = YES;
				CLANG_WARN_STRICT_PROTOTYPES = YES;
				CLANG_WARN_SUSPICIOUS_MOVE = YES;
				CLANG_WARN_UNGUARDED_AVAILABILITY = YES_AGGRESSIVE;
				CLANG_WARN_UNREACHABLE_CODE = YES;
				CLANG_WARN__DUPLICATE_METHOD_MATCH = YES;
				CODE_SIGN_IDENTITY = "iPhone Developer";
				COPY_PHASE_STRIP = NO;
				DEBUG_INFORMATION_FORMAT = "dwarf-with-dsym";
				ENABLE_NS_ASSERTIONS = NO;
				ENABLE_STRICT_OBJC_MSGSEND = YES;
				GCC_C_LANGUAGE_STANDARD = gnu11;
				GCC_NO_COMMON_BLOCKS = YES;
				GCC_WARN_64_TO_32_BIT_CONVERSION = YES;
				GCC_WARN_ABOUT_RETURN_TYPE = YES_ERROR;
				GCC_WARN_UNDECLARED_SELECTOR = YES;
				GCC_WARN_UNINITIALIZED_AUTOS = YES_AGGRESSIVE;
				GCC_WARN_UNUSED_FUNCTION = YES;
				GCC_WARN_UNUSED_VARIABLE = YES;
				IPHONEOS_DEPLOYMENT_TARGET = 11.0;
				MTL_ENABLE_DEBUG_INFO = NO;
				SDKROOT = iphoneos;
				SWIFT_OPTIMIZATION_LEVEL = "-Owholemodule";
				VALIDATE_PRODUCT = YES;
			};
			name = Release;
		};
		39CE1D692521034300CBBE25 /* Debug */ = {
			isa = XCBuildConfiguration;
			buildSettings = {
				ASSETCATALOG_COMPILER_APPICON_NAME = AppIcon;
				CODE_SIGN_STYLE = Automatic;
				INFOPLIST_FILE = PitchRecorder/Info.plist;
				LD_RUNPATH_SEARCH_PATHS = "$(inherited) @executable_path/Frameworks";
				PRODUCT_BUNDLE_IDENTIFIER = io.mobilestud.PitchRecorder;
				PRODUCT_NAME = "$(TARGET_NAME)";
				SWIFT_VERSION = 4.0;
				TARGETED_DEVICE_FAMILY = "1,2";
			};
			name = Debug;
		};
		39CE1D6A2521034300CBBE25 /* Release */ = {
			isa = XCBuildConfiguration;
			buildSettings = {
				ASSETCATALOG_COMPILER_APPICON_NAME = AppIcon;
				CODE_SIGN_STYLE = Automatic;
				INFOPLIST_FILE = PitchRecorder/Info.plist;
				LD_RUNPATH_SEARCH_PATHS = "$(inherited) @executable_path/Frameworks";
				PRODUCT_BUNDLE_IDENTIFIER = io.mobilestud.PitchRecorder;
				PRODUCT_NAME = "$(TARGET_NAME)";
				SWIFT_VERSION = 4.0;
				TARGETED_DEVICE_FAMILY = "1,2";
			};
			name = Release;
		};
/* End XCBuildConfiguration section */

/* Begin XCConfigurationList section */
		39CE1D512521034200CBBE25 /* Build configuration list for PBXProject "PitchRecorder" */ = {
			isa = XCConfigurationList;
			buildConfigurations = (
				39CE1D662521034300CBBE25 /* Debug */,
				39CE1D672521034300CBBE25 /* Release */,
			);
			defaultConfigurationIsVisible = 0;
			defaultConfigurationName = Release;
		};
		39CE1D682521034300CBBE25 /* Build configuration list for PBXNativeTarget "PitchRecorder" */ = {
			isa = XCConfigurationList;
			buildConfigurations = (
				39CE1D692521034300CBBE25 /* Debug */,
				39CE1D6A2521034300CBBE25 /* Release */,
			);
			defaultConfigurationIsVisible = 0;
			defaultConfigurationName = Release;
		};
/* End XCConfigurationList section */
	};
	rootObject = 39CE1D4E2521034200CBBE25 /* Project object */;
}
